
Microsoft Visual Studio Solution File, Format Version 12.00
# Visual Studio 15
VisualStudioVersion = 15.0.27428.2002
MinimumVisualStudioVersion = 10.0.40219.1
Project("{FAE04EC0-301F-11D3-BF4B-00C04F79EFBC}") = "WebApplication1", "WebApplication1\WebApplication1.csproj", "{573EC219-626A-4CBB-A74E-D6924318C601}"
EndProject
Global
	GlobalSection(SolutionConfigurationPlatforms) = preSolution
		Debug|Any CPU = Debug|Any CPU
		Release|Any CPU = Release|Any CPU
	EndGlobalSection
	GlobalSection(ProjectConfigurationPlatforms) = postSolution
		{573EC219-626A-4CBB-A74E-D6924318C601}.Debug|Any CPU.ActiveCfg = Debug|Any CPU
		{573EC219-626A-4CBB-A74E-D6924318C601}.Debug|Any CPU.Build.0 = Debug|Any CPU
		{573EC219-626A-4CBB-A74E-D6924318C601}.Release|Any CPU.ActiveCfg = Release|Any CPU
		{573EC219-626A-4CBB-A74E-D6924318C601}.Release|Any CPU.Build.0 = Release|Any CPU
	EndGlobalSection
	GlobalSection(SolutionProperties) = preSolution
		HideSolutionNode = FALSE
	EndGlobalSection
	GlobalSection(ExtensibilityGlobals) = postSolution
		SolutionGuid = {97F11D0E-DC29-4B8D-A0DE-227E4A3D32D3}
	EndGlobalSection
EndGlobal
